{"is_source_file": false, "format": "", "description": "", "external_files": [], "external_methods": [], "published": [], "classes": [], "methods": [], "calls": [], "search-terms": [], "state": 2, "file_id": 1, "knowledge_revision": 7, "git_revision": "0de2fef45087bec0ebcafa185d5a2a6da6fed169", "filename": "/home/kavia/workspace/code-generation/taskmaster-pro-35815-a41a2f48/task_management_app/post_process_status.lock", "hash": "b7eea264a73aebd06432ef6588eb3d52", "format-version": 4, "code-base-name": "default", "revision_history": [{"7": "0de2fef45087bec0ebcafa185d5a2a6da6fed169"}]}