{"is_source_file": true, "file_id": 1, "git_revision": "", "state": 1, "description": "", "external_files": [], "external_methods": [], "published": [], "classes": [], "methods": [], "calls": [], "search-terms": [], "filename": "/home/kavia/workspace/code-generation/taskmaster-pro-35815-a41a2f48/task_management_app/post_process_status.lock", "hash": "b7eea264a73aebd06432ef6588eb3d52", "format-version": 4, "code-base-name": "default", "knowledge_revision": 4}